// !$*UTF8*$!
{
	archiveVersion = 1;
	classes = {
	};
	objectVersion = 60;
	objects = {

/* Begin PBXBuildFile section */
		131FE2452B0097F00001AFEB /* FirebaseStorage in Frameworks */ = {isa = PBXBuildFile; productRef = 131FE2442B0097F00001AFEB /* FirebaseStorage */; };
		131FE2472B00A21C0001AFEB /* GoogleService-Info.plist in Resources */ = {isa = PBXBuildFile; fileRef = 131FE2462B00A21C0001AFEB /* GoogleService-Info.plist */; };
		1335344C2B0005AB0013B584 /* SwiftUIFirebaseApp.swift in Sources */ = {isa = PBXBuildFile; fileRef = 1335344B2B0005AB0013B584 /* SwiftUIFirebaseApp.swift */; };
		1335344E2B0005AB0013B584 /* LoginView.swift in Sources */ = {isa = PBXBuildFile; fileRef = 1335344D2B0005AB0013B584 /* LoginView.swift */; };
		133534502B0005AD0013B584 /* Assets.xcassets in Resources */ = {isa = PBXBuildFile; fileRef = 1335344F2B0005AD0013B584 /* Assets.xcassets */; };
		133534532B0005AD0013B584 /* Preview Assets.xcassets in Resources */ = {isa = PBXBuildFile; fileRef = 133534522B0005AD0013B584 /* Preview Assets.xcassets */; };
		137724302B00272D002047DD /* FirebaseAuth in Frameworks */ = {isa = PBXBuildFile; productRef = 1377242F2B00272D002047DD /* FirebaseAuth */; };
		1377243C2B00272D002047DD /* FirebaseFirestore in Frameworks */ = {isa = PBXBuildFile; productRef = 1377243B2B00272D002047DD /* FirebaseFirestore */; };
		1377243E2B00272D002047DD /* FirebaseFirestoreCombine-Community in Frameworks */ = {isa = PBXBuildFile; productRef = 1377243D2B00272D002047DD /* FirebaseFirestoreCombine-Community */; };
		137724402B00272D002047DD /* FirebaseFirestoreSwift in Frameworks */ = {isa = PBXBuildFile; productRef = 1377243F2B00272D002047DD /* FirebaseFirestoreSwift */; };
		137724482B004138002047DD /* ImagePicker.swift in Sources */ = {isa = PBXBuildFile; fileRef = 137724472B004138002047DD /* ImagePicker.swift */; };
		139704712B0144D800DFF729 /* MainMessagesView.swift in Sources */ = {isa = PBXBuildFile; fileRef = 139704702B0144D800DFF729 /* MainMessagesView.swift */; };
		139704762B01476700DFF729 /* FirebaseManager.swift in Sources */ = {isa = PBXBuildFile; fileRef = 139704752B01476700DFF729 /* FirebaseManager.swift */; };
		139704792B0149ED00DFF729 /* SDWebImageSwiftUI in Frameworks */ = {isa = PBXBuildFile; productRef = 139704782B0149ED00DFF729 /* SDWebImageSwiftUI */; };
		1397047B2B014A1B00DFF729 /* FirebaseAnalytics in Frameworks */ = {isa = PBXBuildFile; productRef = 1397047A2B014A1B00DFF729 /* FirebaseAnalytics */; };
		1397047D2B014A1B00DFF729 /* FirebaseAnalyticsOnDeviceConversion in Frameworks */ = {isa = PBXBuildFile; productRef = 1397047C2B014A1B00DFF729 /* FirebaseAnalyticsOnDeviceConversion */; };
		1397047F2B014A1B00DFF729 /* FirebaseAnalyticsSwift in Frameworks */ = {isa = PBXBuildFile; productRef = 1397047E2B014A1B00DFF729 /* FirebaseAnalyticsSwift */; };
		139704812B014A1B00DFF729 /* FirebaseAnalyticsWithoutAdIdSupport in Frameworks */ = {isa = PBXBuildFile; productRef = 139704802B014A1B00DFF729 /* FirebaseAnalyticsWithoutAdIdSupport */; };
		139704832B014A1B00DFF729 /* FirebaseAppCheck in Frameworks */ = {isa = PBXBuildFile; productRef = 139704822B014A1B00DFF729 /* FirebaseAppCheck */; };
		139704862B014A2E00DFF729 /* SDWebImageSwiftUI in Frameworks */ = {isa = PBXBuildFile; productRef = 139704852B014A2E00DFF729 /* SDWebImageSwiftUI */; };
		139704892B014A9100DFF729 /* SDWebImageSwiftUI in Frameworks */ = {isa = PBXBuildFile; productRef = 139704882B014A9100DFF729 /* SDWebImageSwiftUI */; };
		1397048C2B0158A700DFF729 /* ChatUser.swift in Sources */ = {isa = PBXBuildFile; fileRef = 1397048B2B0158A700DFF729 /* ChatUser.swift */; };
/* End PBXBuildFile section */

/* Begin PBXFileReference section */
		131FE2462B00A21C0001AFEB /* GoogleService-Info.plist */ = {isa = PBXFileReference; fileEncoding = 4; lastKnownFileType = text.plist.xml; name = "GoogleService-Info.plist"; path = "../../../../../Downloads/GoogleService-Info.plist"; sourceTree = "<group>"; };
		133534482B0005AB0013B584 /* SwiftUIFirebase.app */ = {isa = PBXFileReference; explicitFileType = wrapper.application; includeInIndex = 0; path = SwiftUIFirebase.app; sourceTree = BUILT_PRODUCTS_DIR; };
		1335344B2B0005AB0013B584 /* SwiftUIFirebaseApp.swift */ = {isa = PBXFileReference; lastKnownFileType = sourcecode.swift; path = SwiftUIFirebaseApp.swift; sourceTree = "<group>"; };
		1335344D2B0005AB0013B584 /* LoginView.swift */ = {isa = PBXFileReference; lastKnownFileType = sourcecode.swift; path = LoginView.swift; sourceTree = "<group>"; };
		1335344F2B0005AD0013B584 /* Assets.xcassets */ = {isa = PBXFileReference; lastKnownFileType = folder.assetcatalog; path = Assets.xcassets; sourceTree = "<group>"; };
		133534522B0005AD0013B584 /* Preview Assets.xcassets */ = {isa = PBXFileReference; lastKnownFileType = folder.assetcatalog; path = "Preview Assets.xcassets"; sourceTree = "<group>"; };
		137724472B004138002047DD /* ImagePicker.swift */ = {isa = PBXFileReference; lastKnownFileType = sourcecode.swift; path = ImagePicker.swift; sourceTree = "<group>"; };
		139704702B0144D800DFF729 /* MainMessagesView.swift */ = {isa = PBXFileReference; lastKnownFileType = sourcecode.swift; path = MainMessagesView.swift; sourceTree = "<group>"; };
		139704752B01476700DFF729 /* FirebaseManager.swift */ = {isa = PBXFileReference; lastKnownFileType = sourcecode.swift; path = FirebaseManager.swift; sourceTree = "<group>"; };
		1397048B2B0158A700DFF729 /* ChatUser.swift */ = {isa = PBXFileReference; lastKnownFileType = sourcecode.swift; path = ChatUser.swift; sourceTree = "<group>"; };
/* End PBXFileReference section */

/* Begin PBXFrameworksBuildPhase section */
		133534452B0005AB0013B584 /* Frameworks */ = {
			isa = PBXFrameworksBuildPhase;
			buildActionMask = 2147483647;
			files = (
				139704862B014A2E00DFF729 /* SDWebImageSwiftUI in Frameworks */,
				1397047F2B014A1B00DFF729 /* FirebaseAnalyticsSwift in Frameworks */,
				139704812B014A1B00DFF729 /* FirebaseAnalyticsWithoutAdIdSupport in Frameworks */,
				1397047B2B014A1B00DFF729 /* FirebaseAnalytics in Frameworks */,
				139704792B0149ED00DFF729 /* SDWebImageSwiftUI in Frameworks */,
				1377243C2B00272D002047DD /* FirebaseFirestore in Frameworks */,
				137724402B00272D002047DD /* FirebaseFirestoreSwift in Frameworks */,
				137724302B00272D002047DD /* FirebaseAuth in Frameworks */,
				139704892B014A9100DFF729 /* SDWebImageSwiftUI in Frameworks */,
				131FE2452B0097F00001AFEB /* FirebaseStorage in Frameworks */,
				1377243E2B00272D002047DD /* FirebaseFirestoreCombine-Community in Frameworks */,
				1397047D2B014A1B00DFF729 /* FirebaseAnalyticsOnDeviceConversion in Frameworks */,
				139704832B014A1B00DFF729 /* FirebaseAppCheck in Frameworks */,
			);
			runOnlyForDeploymentPostprocessing = 0;
		};
/* End PBXFrameworksBuildPhase section */

/* Begin PBXGroup section */
		131FE2432B0097F00001AFEB /* Frameworks */ = {
			isa = PBXGroup;
			children = (
			);
			name = Frameworks;
			sourceTree = "<group>";
		};
		1335343F2B0005AB0013B584 = {
			isa = PBXGroup;
			children = (
				1335344A2B0005AB0013B584 /* SwiftUIFirebase */,
				133534492B0005AB0013B584 /* Products */,
				131FE2432B0097F00001AFEB /* Frameworks */,
			);
			sourceTree = "<group>";
		};
		133534492B0005AB0013B584 /* Products */ = {
			isa = PBXGroup;
			children = (
				133534482B0005AB0013B584 /* SwiftUIFirebase.app */,
			);
			name = Products;
			sourceTree = "<group>";
		};
		1335344A2B0005AB0013B584 /* SwiftUIFirebase */ = {
			isa = PBXGroup;
			children = (
				1397048A2B01589100DFF729 /* Model */,
				139704722B0146D200DFF729 /* Utils */,
				1397046F2B01449D00DFF729 /* MainMessages */,
				1335344B2B0005AB0013B584 /* SwiftUIFirebaseApp.swift */,
				1335344D2B0005AB0013B584 /* LoginView.swift */,
				137724472B004138002047DD /* ImagePicker.swift */,
				131FE2462B00A21C0001AFEB /* GoogleService-Info.plist */,
				1335344F2B0005AD0013B584 /* Assets.xcassets */,
				133534512B0005AD0013B584 /* Preview Content */,
			);
			path = SwiftUIFirebase;
			sourceTree = "<group>";
		};
		133534512B0005AD0013B584 /* Preview Content */ = {
			isa = PBXGroup;
			children = (
				133534522B0005AD0013B584 /* Preview Assets.xcassets */,
			);
			path = "Preview Content";
			sourceTree = "<group>";
		};
		1397046F2B01449D00DFF729 /* MainMessages */ = {
			isa = PBXGroup;
			children = (
				139704702B0144D800DFF729 /* MainMessagesView.swift */,
			);
			path = MainMessages;
			sourceTree = "<group>";
		};
		139704722B0146D200DFF729 /* Utils */ = {
			isa = PBXGroup;
			children = (
				139704752B01476700DFF729 /* FirebaseManager.swift */,
			);
			path = Utils;
			sourceTree = "<group>";
		};
		1397048A2B01589100DFF729 /* Model */ = {
			isa = PBXGroup;
			children = (
				1397048B2B0158A700DFF729 /* ChatUser.swift */,
			);
			path = Model;
			sourceTree = "<group>";
		};
/* End PBXGroup section */

/* Begin PBXNativeTarget section */
		133534472B0005AB0013B584 /* SwiftUIFirebase */ = {
			isa = PBXNativeTarget;
			buildConfigurationList = 133534562B0005AD0013B584 /* Build configuration list for PBXNativeTarget "SwiftUIFirebase" */;
			buildPhases = (
				133534442B0005AB0013B584 /* Sources */,
				133534452B0005AB0013B584 /* Frameworks */,
				133534462B0005AB0013B584 /* Resources */,
			);
			buildRules = (
			);
			dependencies = (
			);
			name = SwiftUIFirebase;
			packageProductDependencies = (
				1377242F2B00272D002047DD /* FirebaseAuth */,
				1377243B2B00272D002047DD /* FirebaseFirestore */,
				1377243D2B00272D002047DD /* FirebaseFirestoreCombine-Community */,
				1377243F2B00272D002047DD /* FirebaseFirestoreSwift */,
				131FE2442B0097F00001AFEB /* FirebaseStorage */,
				139704782B0149ED00DFF729 /* SDWebImageSwiftUI */,
				1397047A2B014A1B00DFF729 /* FirebaseAnalytics */,
				1397047C2B014A1B00DFF729 /* FirebaseAnalyticsOnDeviceConversion */,
				1397047E2B014A1B00DFF729 /* FirebaseAnalyticsSwift */,
				139704802B014A1B00DFF729 /* FirebaseAnalyticsWithoutAdIdSupport */,
				139704822B014A1B00DFF729 /* FirebaseAppCheck */,
				139704852B014A2E00DFF729 /* SDWebImageSwiftUI */,
				139704882B014A9100DFF729 /* SDWebImageSwiftUI */,
			);
			productName = SwiftUIFirebase;
			productReference = 133534482B0005AB0013B584 /* SwiftUIFirebase.app */;
			productType = "com.apple.product-type.application";
		};
/* End PBXNativeTarget section */

/* Begin PBXProject section */
		133534402B0005AB0013B584 /* Project object */ = {
			isa = PBXProject;
			attributes = {
				BuildIndependentTargetsInParallel = 1;
				LastSwiftUpdateCheck = 1500;
				LastUpgradeCheck = 1500;
				TargetAttributes = {
					133534472B0005AB0013B584 = {
						CreatedOnToolsVersion = 15.0.1;
					};
				};
			};
			buildConfigurationList = 133534432B0005AB0013B584 /* Build configuration list for PBXProject "SwiftUIFirebase" */;
			compatibilityVersion = "Xcode 14.0";
			developmentRegion = en;
			hasScannedForEncodings = 0;
			knownRegions = (
				en,
				Base,
			);
			mainGroup = 1335343F2B0005AB0013B584;
			packageReferences = (
				137724222B00272D002047DD /* XCRemoteSwiftPackageReference "firebase-ios-sdk" */,
				139704872B014A9100DFF729 /* XCLocalSwiftPackageReference "../../../../Downloads/SDWebImageSwiftUI-master" */,
			);
			productRefGroup = 133534492B0005AB0013B584 /* Products */;
			projectDirPath = "";
			projectRoot = "";
			targets = (
				133534472B0005AB0013B584 /* SwiftUIFirebase */,
			);
		};
/* End PBXProject section */

/* Begin PBXResourcesBuildPhase section */
		133534462B0005AB0013B584 /* Resources */ = {
			isa = PBXResourcesBuildPhase;
			buildActionMask = 2147483647;
			files = (
				133534532B0005AD0013B584 /* Preview Assets.xcassets in Resources */,
				133534502B0005AD0013B584 /* Assets.xcassets in Resources */,
				131FE2472B00A21C0001AFEB /* GoogleService-Info.plist in Resources */,
			);
			runOnlyForDeploymentPostprocessing = 0;
		};
/* End PBXResourcesBuildPhase section */

/* Begin PBXSourcesBuildPhase section */
		133534442B0005AB0013B584 /* Sources */ = {
			isa = PBXSourcesBuildPhase;
			buildActionMask = 2147483647;
			files = (
				1397048C2B0158A700DFF729 /* ChatUser.swift in Sources */,
				137724482B004138002047DD /* ImagePicker.swift in Sources */,
				139704712B0144D800DFF729 /* MainMessagesView.swift in Sources */,
				139704762B01476700DFF729 /* FirebaseManager.swift in Sources */,
				1335344E2B0005AB0013B584 /* LoginView.swift in Sources */,
				1335344C2B0005AB0013B584 /* SwiftUIFirebaseApp.swift in Sources */,
			);
			runOnlyForDeploymentPostprocessing = 0;
		};
/* End PBXSourcesBuildPhase section */

/* Begin XCBuildConfiguration section */
		133534542B0005AD0013B584 /* Debug */ = {
			isa = XCBuildConfiguration;
			buildSettings = {
				ALWAYS_SEARCH_USER_PATHS = NO;
				ASSETCATALOG_COMPILER_GENERATE_SWIFT_ASSET_SYMBOL_EXTENSIONS = YES;
				CLANG_ANALYZER_NONNULL = YES;
				CLANG_ANALYZER_NUMBER_OBJECT_CONVERSION = YES_AGGRESSIVE;
				CLANG_CXX_LANGUAGE_STANDARD = "gnu++20";
				CLANG_ENABLE_MODULES = YES;
				CLANG_ENABLE_OBJC_ARC = YES;
				CLANG_ENABLE_OBJC_WEAK = YES;
				CLANG_WARN_BLOCK_CAPTURE_AUTORELEASING = YES;
				CLANG_WARN_BOOL_CONVERSION = YES;
				CLANG_WARN_COMMA = YES;
				CLANG_WARN_CONSTANT_CONVERSION = YES;
				CLANG_WARN_DEPRECATED_OBJC_IMPLEMENTATIONS = YES;
				CLANG_WARN_DIRECT_OBJC_ISA_USAGE = YES_ERROR;
				CLANG_WARN_DOCUMENTATION_COMMENTS = YES;
				CLANG_WARN_EMPTY_BODY = YES;
				CLANG_WARN_ENUM_CONVERSION = YES;
				CLANG_WARN_INFINITE_RECURSION = YES;
				CLANG_WARN_INT_CONVERSION = YES;
				CLANG_WARN_NON_LITERAL_NULL_CONVERSION = YES;
				CLANG_WARN_OBJC_IMPLICIT_RETAIN_SELF = YES;
				CLANG_WARN_OBJC_LITERAL_CONVERSION = YES;
				CLANG_WARN_OBJC_ROOT_CLASS = YES_ERROR;
				CLANG_WARN_QUOTED_INCLUDE_IN_FRAMEWORK_HEADER = YES;
				CLANG_WARN_RANGE_LOOP_ANALYSIS = YES;
				CLANG_WARN_STRICT_PROTOTYPES = YES;
				CLANG_WARN_SUSPICIOUS_MOVE = YES;
				CLANG_WARN_UNGUARDED_AVAILABILITY = YES_AGGRESSIVE;
				CLANG_WARN_UNREACHABLE_CODE = YES;
				CLANG_WARN__DUPLICATE_METHOD_MATCH = YES;
				COPY_PHASE_STRIP = NO;
				DEBUG_INFORMATION_FORMAT = dwarf;
				ENABLE_STRICT_OBJC_MSGSEND = YES;
				ENABLE_TESTABILITY = YES;
				ENABLE_USER_SCRIPT_SANDBOXING = YES;
				GCC_C_LANGUAGE_STANDARD = gnu17;
				GCC_DYNAMIC_NO_PIC = NO;
				GCC_NO_COMMON_BLOCKS = YES;
				GCC_OPTIMIZATION_LEVEL = 0;
				GCC_PREPROCESSOR_DEFINITIONS = (
					"DEBUG=1",
					"$(inherited)",
				);
				GCC_WARN_64_TO_32_BIT_CONVERSION = YES;
				GCC_WARN_ABOUT_RETURN_TYPE = YES_ERROR;
				GCC_WARN_UNDECLARED_SELECTOR = YES;
				GCC_WARN_UNINITIALIZED_AUTOS = YES_AGGRESSIVE;
				GCC_WARN_UNUSED_FUNCTION = YES;
				GCC_WARN_UNUSED_VARIABLE = YES;
				IPHONEOS_DEPLOYMENT_TARGET = 17.0;
				LOCALIZATION_PREFERS_STRING_CATALOGS = YES;
				MTL_ENABLE_DEBUG_INFO = INCLUDE_SOURCE;
				MTL_FAST_MATH = YES;
				ONLY_ACTIVE_ARCH = YES;
				SDKROOT = iphoneos;
				SWIFT_ACTIVE_COMPILATION_CONDITIONS = "DEBUG $(inherited)";
				SWIFT_OPTIMIZATION_LEVEL = "-Onone";
			};
			name = Debug;
		};
		133534552B0005AD0013B584 /* Release */ = {
			isa = XCBuildConfiguration;
			buildSettings = {
				ALWAYS_SEARCH_USER_PATHS = NO;
				ASSETCATALOG_COMPILER_GENERATE_SWIFT_ASSET_SYMBOL_EXTENSIONS = YES;
				CLANG_ANALYZER_NONNULL = YES;
				CLANG_ANALYZER_NUMBER_OBJECT_CONVERSION = YES_AGGRESSIVE;
				CLANG_CXX_LANGUAGE_STANDARD = "gnu++20";
				CLANG_ENABLE_MODULES = YES;
				CLANG_ENABLE_OBJC_ARC = YES;
				CLANG_ENABLE_OBJC_WEAK = YES;
				CLANG_WARN_BLOCK_CAPTURE_AUTORELEASING = YES;
				CLANG_WARN_BOOL_CONVERSION = YES;
				CLANG_WARN_COMMA = YES;
				CLANG_WARN_CONSTANT_CONVERSION = YES;
				CLANG_WARN_DEPRECATED_OBJC_IMPLEMENTATIONS = YES;
				CLANG_WARN_DIRECT_OBJC_ISA_USAGE = YES_ERROR;
				CLANG_WARN_DOCUMENTATION_COMMENTS = YES;
				CLANG_WARN_EMPTY_BODY = YES;
				CLANG_WARN_ENUM_CONVERSION = YES;
				CLANG_WARN_INFINITE_RECURSION = YES;
				CLANG_WARN_INT_CONVERSION = YES;
				CLANG_WARN_NON_LITERAL_NULL_CONVERSION = YES;
				CLANG_WARN_OBJC_IMPLICIT_RETAIN_SELF = YES;
				CLANG_WARN_OBJC_LITERAL_CONVERSION = YES;
				CLANG_WARN_OBJC_ROOT_CLASS = YES_ERROR;
				CLANG_WARN_QUOTED_INCLUDE_IN_FRAMEWORK_HEADER = YES;
				CLANG_WARN_RANGE_LOOP_ANALYSIS = YES;
				CLANG_WARN_STRICT_PROTOTYPES = YES;
				CLANG_WARN_SUSPICIOUS_MOVE = YES;
				CLANG_WARN_UNGUARDED_AVAILABILITY = YES_AGGRESSIVE;
				CLANG_WARN_UNREACHABLE_CODE = YES;
				CLANG_WARN__DUPLICATE_METHOD_MATCH = YES;
				COPY_PHASE_STRIP = NO;
				DEBUG_INFORMATION_FORMAT = "dwarf-with-dsym";
				ENABLE_NS_ASSERTIONS = NO;
				ENABLE_STRICT_OBJC_MSGSEND = YES;
				ENABLE_USER_SCRIPT_SANDBOXING = YES;
				GCC_C_LANGUAGE_STANDARD = gnu17;
				GCC_NO_COMMON_BLOCKS = YES;
				GCC_WARN_64_TO_32_BIT_CONVERSION = YES;
				GCC_WARN_ABOUT_RETURN_TYPE = YES_ERROR;
				GCC_WARN_UNDECLARED_SELECTOR = YES;
				GCC_WARN_UNINITIALIZED_AUTOS = YES_AGGRESSIVE;
				GCC_WARN_UNUSED_FUNCTION = YES;
				GCC_WARN_UNUSED_VARIABLE = YES;
				IPHONEOS_DEPLOYMENT_TARGET = 17.0;
				LOCALIZATION_PREFERS_STRING_CATALOGS = YES;
				MTL_ENABLE_DEBUG_INFO = NO;
				MTL_FAST_MATH = YES;
				SDKROOT = iphoneos;
				SWIFT_COMPILATION_MODE = wholemodule;
				VALIDATE_PRODUCT = YES;
			};
			name = Release;
		};
		133534572B0005AD0013B584 /* Debug */ = {
			isa = XCBuildConfiguration;
			buildSettings = {
				ASSETCATALOG_COMPILER_APPICON_NAME = AppIcon;
				ASSETCATALOG_COMPILER_GLOBAL_ACCENT_COLOR_NAME = AccentColor;
				CODE_SIGN_STYLE = Automatic;
				CURRENT_PROJECT_VERSION = 1;
				DEVELOPMENT_ASSET_PATHS = "\"SwiftUIFirebase/Preview Content\"";
				DEVELOPMENT_TEAM = 47HKA2LGH7;
				ENABLE_PREVIEWS = YES;
				GENERATE_INFOPLIST_FILE = YES;
				INFOPLIST_KEY_UIApplicationSceneManifest_Generation = YES;
				INFOPLIST_KEY_UIApplicationSupportsIndirectInputEvents = YES;
				INFOPLIST_KEY_UILaunchScreen_Generation = YES;
				INFOPLIST_KEY_UISupportedInterfaceOrientations_iPad = "UIInterfaceOrientationPortrait UIInterfaceOrientationPortraitUpsideDown UIInterfaceOrientationLandscapeLeft UIInterfaceOrientationLandscapeRight";
				INFOPLIST_KEY_UISupportedInterfaceOrientations_iPhone = "UIInterfaceOrientationPortrait UIInterfaceOrientationLandscapeLeft UIInterfaceOrientationLandscapeRight";
				LD_RUNPATH_SEARCH_PATHS = (
					"$(inherited)",
					"@executable_path/Frameworks",
				);
				MARKETING_VERSION = 1.0;
				PRODUCT_BUNDLE_IDENTIFIER = com.codepalace.SwiftUIFirebase;
				PRODUCT_NAME = "$(TARGET_NAME)";
				SWIFT_EMIT_LOC_STRINGS = YES;
				SWIFT_VERSION = 5.0;
				TARGETED_DEVICE_FAMILY = "1,2";
			};
			name = Debug;
		};
		133534582B0005AD0013B584 /* Release */ = {
			isa = XCBuildConfiguration;
			buildSettings = {
				ASSETCATALOG_COMPILER_APPICON_NAME = AppIcon;
				ASSETCATALOG_COMPILER_GLOBAL_ACCENT_COLOR_NAME = AccentColor;
				CODE_SIGN_STYLE = Automatic;
				CURRENT_PROJECT_VERSION = 1;
				DEVELOPMENT_ASSET_PATHS = "\"SwiftUIFirebase/Preview Content\"";
				DEVELOPMENT_TEAM = 47HKA2LGH7;
				ENABLE_PREVIEWS = YES;
				GENERATE_INFOPLIST_FILE = YES;
				INFOPLIST_KEY_UIApplicationSceneManifest_Generation = YES;
				INFOPLIST_KEY_UIApplicationSupportsIndirectInputEvents = YES;
				INFOPLIST_KEY_UILaunchScreen_Generation = YES;
				INFOPLIST_KEY_UISupportedInterfaceOrientations_iPad = "UIInterfaceOrientationPortrait UIInterfaceOrientationPortraitUpsideDown UIInterfaceOrientationLandscapeLeft UIInterfaceOrientationLandscapeRight";
				INFOPLIST_KEY_UISupportedInterfaceOrientations_iPhone = "UIInterfaceOrientationPortrait UIInterfaceOrientationLandscapeLeft UIInterfaceOrientationLandscapeRight";
				LD_RUNPATH_SEARCH_PATHS = (
					"$(inherited)",
					"@executable_path/Frameworks",
				);
				MARKETING_VERSION = 1.0;
				PRODUCT_BUNDLE_IDENTIFIER = com.codepalace.SwiftUIFirebase;
				PRODUCT_NAME = "$(TARGET_NAME)";
				SWIFT_EMIT_LOC_STRINGS = YES;
				SWIFT_VERSION = 5.0;
				TARGETED_DEVICE_FAMILY = "1,2";
			};
			name = Release;
		};
/* End XCBuildConfiguration section */

/* Begin XCConfigurationList section */
		133534432B0005AB0013B584 /* Build configuration list for PBXProject "SwiftUIFirebase" */ = {
			isa = XCConfigurationList;
			buildConfigurations = (
				133534542B0005AD0013B584 /* Debug */,
				133534552B0005AD0013B584 /* Release */,
			);
			defaultConfigurationIsVisible = 0;
			defaultConfigurationName = Release;
		};
		133534562B0005AD0013B584 /* Build configuration list for PBXNativeTarget "SwiftUIFirebase" */ = {
			isa = XCConfigurationList;
			buildConfigurations = (
				133534572B0005AD0013B584 /* Debug */,
				133534582B0005AD0013B584 /* Release */,
			);
			defaultConfigurationIsVisible = 0;
			defaultConfigurationName = Release;
		};
/* End XCConfigurationList section */

/* Begin XCLocalSwiftPackageReference section */
		139704872B014A9100DFF729 /* XCLocalSwiftPackageReference "../../../../Downloads/SDWebImageSwiftUI-master" */ = {
			isa = XCLocalSwiftPackageReference;
			relativePath = "../../../../Downloads/SDWebImageSwiftUI-master";
		};
/* End XCLocalSwiftPackageReference section */

/* Begin XCRemoteSwiftPackageReference section */
		137724222B00272D002047DD /* XCRemoteSwiftPackageReference "firebase-ios-sdk" */ = {
			isa = XCRemoteSwiftPackageReference;
			repositoryURL = "https://github.com/firebase/firebase-ios-sdk.git";
			requirement = {
				kind = upToNextMajorVersion;
				minimumVersion = 10.17.0;
			};
		};
/* End XCRemoteSwiftPackageReference section */

/* Begin XCSwiftPackageProductDependency section */
		131FE2442B0097F00001AFEB /* FirebaseStorage */ = {
			isa = XCSwiftPackageProductDependency;
			package = 137724222B00272D002047DD /* XCRemoteSwiftPackageReference "firebase-ios-sdk" */;
			productName = FirebaseStorage;
		};
		1377242F2B00272D002047DD /* FirebaseAuth */ = {
			isa = XCSwiftPackageProductDependency;
			package = 137724222B00272D002047DD /* XCRemoteSwiftPackageReference "firebase-ios-sdk" */;
			productName = FirebaseAuth;
		};
		1377243B2B00272D002047DD /* FirebaseFirestore */ = {
			isa = XCSwiftPackageProductDependency;
			package = 137724222B00272D002047DD /* XCRemoteSwiftPackageReference "firebase-ios-sdk" */;
			productName = FirebaseFirestore;
		};
		1377243D2B00272D002047DD /* FirebaseFirestoreCombine-Community */ = {
			isa = XCSwiftPackageProductDependency;
			package = 137724222B00272D002047DD /* XCRemoteSwiftPackageReference "firebase-ios-sdk" */;
			productName = "FirebaseFirestoreCombine-Community";
		};
		1377243F2B00272D002047DD /* FirebaseFirestoreSwift */ = {
			isa = XCSwiftPackageProductDependency;
			package = 137724222B00272D002047DD /* XCRemoteSwiftPackageReference "firebase-ios-sdk" */;
			productName = FirebaseFirestoreSwift;
		};
		139704782B0149ED00DFF729 /* SDWebImageSwiftUI */ = {
			isa = XCSwiftPackageProductDependency;
			productName = SDWebImageSwiftUI;
		};
		1397047A2B014A1B00DFF729 /* FirebaseAnalytics */ = {
			isa = XCSwiftPackageProductDependency;
			package = 137724222B00272D002047DD /* XCRemoteSwiftPackageReference "firebase-ios-sdk" */;
			productName = FirebaseAnalytics;
		};
		1397047C2B014A1B00DFF729 /* FirebaseAnalyticsOnDeviceConversion */ = {
			isa = XCSwiftPackageProductDependency;
			package = 137724222B00272D002047DD /* XCRemoteSwiftPackageReference "firebase-ios-sdk" */;
			productName = FirebaseAnalyticsOnDeviceConversion;
		};
		1397047E2B014A1B00DFF729 /* FirebaseAnalyticsSwift */ = {
			isa = XCSwiftPackageProductDependency;
			package = 137724222B00272D002047DD /* XCRemoteSwiftPackageReference "firebase-ios-sdk" */;
			productName = FirebaseAnalyticsSwift;
		};
		139704802B014A1B00DFF729 /* FirebaseAnalyticsWithoutAdIdSupport */ = {
			isa = XCSwiftPackageProductDependency;
			package = 137724222B00272D002047DD /* XCRemoteSwiftPackageReference "firebase-ios-sdk" */;
			productName = FirebaseAnalyticsWithoutAdIdSupport;
		};
		139704822B014A1B00DFF729 /* FirebaseAppCheck */ = {
			isa = XCSwiftPackageProductDependency;
			package = 137724222B00272D002047DD /* XCRemoteSwiftPackageReference "firebase-ios-sdk" */;
			productName = FirebaseAppCheck;
		};
		139704852B014A2E00DFF729 /* SDWebImageSwiftUI */ = {
			isa = XCSwiftPackageProductDependency;
			productName = SDWebImageSwiftUI;
		};
		139704882B014A9100DFF729 /* SDWebImageSwiftUI */ = {
			isa = XCSwiftPackageProductDependency;
			productName = SDWebImageSwiftUI;
		};
/* End XCSwiftPackageProductDependency section */
	};
	rootObject = 133534402B0005AB0013B584 /* Project object */;
}
